
Microsoft Visual Studio Solution File, Format Version 12.00
# Visual Studio Version 17
VisualStudioVersion = 17.8.34330.188
MinimumVisualStudioVersion = 10.0.40219.1
Project("{FAE04EC0-301F-11D3-BF4B-00C04F79EFBC}") = "IdentityApp", "IdentityApp\IdentityApp.csproj", "{ED34C435-F9E5-411B-8382-72251AEC5222}"
EndProject
Global
	GlobalSection(SolutionConfigurationPlatforms) = preSolution
		Debug|Any CPU = Debug|Any CPU
		Release|Any CPU = Release|Any CPU
	EndGlobalSection
	GlobalSection(ProjectConfigurationPlatforms) = postSolution
		{ED34C435-F9E5-411B-8382-72251AEC5222}.Debug|Any CPU.ActiveCfg = Debug|Any CPU
		{ED34C435-F9E5-411B-8382-72251AEC5222}.Debug|Any CPU.Build.0 = Debug|Any CPU
		{ED34C435-F9E5-411B-8382-72251AEC5222}.Release|Any CPU.ActiveCfg = Release|Any CPU
		{ED34C435-F9E5-411B-8382-72251AEC5222}.Release|Any CPU.Build.0 = Release|Any CPU
	EndGlobalSection
	GlobalSection(SolutionProperties) = preSolution
		HideSolutionNode = FALSE
	EndGlobalSection
	GlobalSection(ExtensibilityGlobals) = postSolution
		SolutionGuid = {2796D342-E587-43E3-AEA2-23112D3F43AC}
	EndGlobalSection
EndGlobal
